{
  "schema": "agentos.specialist_source_manifest.v1",
  "version": 1,
  "block_id": "specialist.standard.aws-iam-current",
  "sources": [
    {
      "source_id": "source.aws-iam-policy-elements",
      "title": "IAM JSON Policy Elements Reference",
      "publisher": "Amazon Web Services",
      "url": "https://docs.aws.amazon.com/us_en/IAM/latest/UserGuide/reference_policies_elements.html",
      "version": "current",
      "effective_date": null,
      "retrieved_date": "2026-08-11",
      "immutable_identity": "aws-iam-policy-elements-current-2026-08-11",
      "content_sha256": null,
      "authority_class": "PRIMARY_DESCRIPTIVE",
      "scope": "AWS IAM policy element semantics at retrieval."
    }
  ],
  "freshness_rule": "DENY dependent mapping when source is stale, superseded, unverifiable, or missing edition/effective identity; refresh or escalate.",
  "manifest_sha256": "e87e366370301b597f9f6476f048a7d0e5d849f416dae325ef0f4f3cbfeb9c90"
}
