{
  "schema": "agentos.specialist_source_manifest.v1",
  "version": 1,
  "block_id": "specialist.delivery-operations.observability-router",
  "sources": [
    {
      "source_id": "source.atomic-specialization-law",
      "title": "Atomic Specialization Law",
      "publisher": "AgentOS Portable Kernel",
      "url": "PORTABLE_KERNEL",
      "version": "1",
      "effective_date": "2026-08-11",
      "retrieved_date": "2026-08-11",
      "immutable_identity": "agentos-atomic-specialization-law-v1",
      "content_sha256": null,
      "authority_class": "AGENTOS_PORTABLE",
      "scope": "Router-only classification, smallest-sufficient atomic composition, and no silent scope expansion."
    },
    {
      "source_id": "source.google-sre-monitoring",
      "title": "Monitoring Distributed Systems",
      "publisher": "Google SRE",
      "url": "https://sre.google/sre-book/monitoring-distributed-systems/",
      "version": "current",
      "effective_date": null,
      "retrieved_date": "2026-08-11",
      "immutable_identity": "google-sre-monitoring-distributed-systems-current-2026-08-11",
      "content_sha256": null,
      "authority_class": "PRIMARY_DESCRIPTIVE",
      "scope": "Monitoring, alerting, signal quality, and incident evidence concepts; no production mutation authority."
    }
  ],
  "freshness_rule": "DENY dependent action when a source or reusable authority is stale, superseded, unverifiable, or missing exact version/effective/publication status; refresh or escalate.",
  "manifest_sha256": "40751c08096f0ebe845e9cbed3a98fa9283f88d3a6a4617401edee21ac2c75fe"
}
