{
  "schema": "agentos.specialist_source_manifest.v1",
  "version": 1,
  "block_id": "specialist.domain.well-workflow",
  "sources": [
    {
      "source_id": "source.atomic-specialization-law",
      "title": "Atomic Specialization Law",
      "publisher": "AgentOS Portable Kernel",
      "url": "PORTABLE_KERNEL",
      "version": "1",
      "effective_date": "2026-08-11",
      "retrieved_date": "2026-08-11",
      "immutable_identity": "agentos-atomic-specialization-law-v1",
      "content_sha256": null,
      "authority_class": "AGENTOS_PORTABLE",
      "scope": "Router-only classification, smallest-sufficient atomic composition, and no silent scope expansion."
    },
    {
      "source_id": "source.osha-oil-gas-well-etool",
      "title": "Oil and Gas Well Drilling and Servicing eTool",
      "publisher": "U.S. Occupational Safety and Health Administration",
      "url": "https://www.osha.gov/etools/oil-and-gas/",
      "version": "current",
      "effective_date": null,
      "retrieved_date": "2026-08-11",
      "immutable_identity": "osha-oil-gas-well-etool-current-2026-08-11",
      "content_sha256": null,
      "authority_class": "PRIMARY_DESCRIPTIVE",
      "scope": "Public descriptive work-phase, hazard-analysis, contractor-coordination, and stop-work context; expressly not a consensus standard, legal duty, or complete safety program."
    }
  ],
  "freshness_rule": "DENY dependent action when a source or reusable authority is stale, superseded, unverifiable, or missing exact version/effective/publication status; refresh or escalate.",
  "manifest_sha256": "b57baa7d290fdbf3dea7bc514bab36c9e8ce9cb16457dec8695885286c998fbc"
}
