{
  "schema": "agentos.specialist_source_manifest.v1",
  "version": 1,
  "block_id": "specialist.foundation.tool-custody-gate",
  "sources": [
    {
      "source_id": "source.cedar-authorization",
      "title": "Cedar Authorization Model",
      "publisher": "AWS Cedar",
      "url": "https://docs.cedarpolicy.com/auth/authorization.html",
      "version": "current",
      "effective_date": null,
      "retrieved_date": "2026-08-11",
      "immutable_identity": "cedar-authorization-model-current-2026-08-11",
      "content_sha256": null,
      "authority_class": "PRIMARY_DESCRIPTIVE",
      "scope": "Explicit authorization and forbid-overrides-permit reference pattern."
    },
    {
      "source_id": "source.slsa-provenance",
      "title": "SLSA Provenance",
      "publisher": "SLSA",
      "url": "https://slsa.dev/spec/v1.2/provenance",
      "version": "1.2",
      "effective_date": "2023-06-01",
      "retrieved_date": "2026-08-11",
      "immutable_identity": "slsa-provenance-v1.2",
      "content_sha256": null,
      "authority_class": "PRIMARY_NORMATIVE",
      "scope": "Source-to-artifact provenance and build identity."
    }
  ],
  "freshness_rule": "DENY dependent action when source is stale, superseded, unverifiable, or missing effective/applicability identity; refresh or escalate.",
  "manifest_sha256": "720f54c4a5a95a95db5601bf99d85b90def451bcd721f9e78e4644b735e69c5a"
}
