{
  "schema": "agentos.specialist_source_manifest.v1",
  "version": 1,
  "block_id": "specialist.platform.cloudflare-cache",
  "sources": [
    {
      "source_id": "source.atomic-specialization-law",
      "title": "Atomic Specialization Law",
      "publisher": "AgentOS Portable Kernel",
      "url": "PORTABLE_KERNEL",
      "version": "1",
      "effective_date": "2026-08-11",
      "retrieved_date": "2026-08-11",
      "immutable_identity": "agentos-atomic-specialization-law-v1",
      "content_sha256": null,
      "authority_class": "AGENTOS_PORTABLE",
      "scope": "Router-only classification, smallest-sufficient atomic composition, and no silent scope expansion."
    },
    {
      "source_id": "source.cloudflare-cache-rules",
      "title": "Cloudflare Cache Rules",
      "publisher": "Cloudflare",
      "url": "https://developers.cloudflare.com/cache/how-to/cache-rules/",
      "version": "current",
      "effective_date": null,
      "retrieved_date": "2026-08-11",
      "immutable_identity": "cloudflare-cache-rules-current-2026-08-11",
      "content_sha256": null,
      "authority_class": "PRIMARY_DESCRIPTIVE",
      "scope": "Cloudflare Cache Rules matching, cache eligibility, and cache behavior; no account mutation or purge authority."
    }
  ],
  "freshness_rule": "DENY dependent action when a source is stale, superseded, unverifiable, or missing exact version/effective/publication status; refresh or escalate.",
  "manifest_sha256": "ee21e1ca306bd9d79e006cacb29102f4e30f69d390e7ba8e8d0831f970a0f905"
}
