{
  "schema": "agentos.specialist_source_manifest.v1",
  "version": 1,
  "block_id": "specialist.standard.slsa",
  "sources": [
    {
      "source_id": "source.slsa-spec-1-2",
      "title": "SLSA Specification",
      "publisher": "SLSA",
      "url": "https://slsa.dev/spec/v1.2/",
      "version": "1.2",
      "effective_date": null,
      "retrieved_date": "2026-08-11",
      "immutable_identity": "slsa-spec-v1.2-approved",
      "content_sha256": null,
      "authority_class": "PRIMARY_NORMATIVE",
      "scope": "Approved SLSA tracks, levels, attestations, and provenance references."
    }
  ],
  "freshness_rule": "DENY dependent mapping when source is stale, superseded, unverifiable, or missing edition/effective identity; refresh or escalate.",
  "manifest_sha256": "91e4064073cdb58d601ffd3c836ed40fb505f3e2d4c171ff144c85eaf53a9d71"
}
